github.com/PGo-Projects/output v0.0.0-20200331004504-59c843518d91 h1:LQeHJJPcKmSziNu/G7YsjNWvv+Xatpjxtc/y+hUJBjM=
github.com/PGo-Projects/output v0.0.0-20200331004504-59c843518d91/go.mod h1:akrObvIsWXqUYAV6wblIsHZO9P3gLDmVU/ENdmsR4y8=
github.com/buger/goterm v0.0.0-20181115115552-c206103e1f37 h1:uxxtrnACqI9zK4ENDMf0WpXfUsHP5V8liuq5QdgDISU=
github.com/buger/goterm v0.0.0-20181115115552-c206103e1f37/go.mod h1:u9UyCz2eTrSGy6fbupqJ54eY5c4IC8gREQ1053dK12U=
github.com/google/go-cmp v0.2.0 h1:+dTQ8DZQJz0Mb/HjFlkptS1FeQ4cWSnN941F8aEG4SQ=
github.com/google/go-cmp v0.2.0/go.mod h1:oXzfMopK8JAjlY9xF4vHSVASa0yLyX7SntLO5aqRK0M=
github.com/kami-zh/go-capturer v0.0.0-20171211120116-e492ea43421d h1:cVtBfNW5XTHiKQe7jDaDBSh/EVM4XLPutLAGboIXuM0=
github.com/kami-zh/go-capturer v0.0.0-20171211120116-e492ea43421d/go.mod h1:P2viExyCEfeWGU259JnaQ34Inuec4R38JCyBx2edgD0=
golang.org/x/sys v0.0.0-20190626221950-04f50cda93cb h1:fgwFCsaw9buMuxNd6+DQfAuSFqbNiQZpcgJQAgJsK6k=
golang.org/x/sys v0.0.0-20190626221950-04f50cda93cb/go.mod h1:h1NjWce9XRLGQEsW7wpKNCjG9DtNlClVuFLEZdDNbEs=
